// !$*UTF8*$!
{
	archiveVersion = 1;
	classes = {
	};
	objectVersion = 46;
	objects = {

/* Begin PBXBuildFile section */
		047064791CF85DBF000CEB42 /* FavoritesViewCell.xib in Resources */ = {isa = PBXBuildFile; fileRef = 047064781CF85DBF000CEB42 /* FavoritesViewCell.xib */; };
		0470647B1CF85EB0000CEB42 /* FavoritesTableViewCell.swift in Sources */ = {isa = PBXBuildFile; fileRef = 0470647A1CF85EB0000CEB42 /* FavoritesTableViewCell.swift */; };
		0470647D1CF85F5A000CEB42 /* FavoritesModel.swift in Sources */ = {isa = PBXBuildFile; fileRef = 0470647C1CF85F5A000CEB42 /* FavoritesModel.swift */; };
		047064801CF8697B000CEB42 /* RatingsTableViewController.swift in Sources */ = {isa = PBXBuildFile; fileRef = 0470647E1CF8697B000CEB42 /* RatingsTableViewController.swift */; };
		047064811CF8697B000CEB42 /* RatingsTableViewController.xib in Resources */ = {isa = PBXBuildFile; fileRef = 0470647F1CF8697B000CEB42 /* RatingsTableViewController.xib */; };
		047064831CF86A47000CEB42 /* StarsView.swift in Sources */ = {isa = PBXBuildFile; fileRef = 047064821CF86A47000CEB42 /* StarsView.swift */; };
		047064851CF86A52000CEB42 /* StarsView.xib in Resources */ = {isa = PBXBuildFile; fileRef = 047064841CF86A52000CEB42 /* StarsView.xib */; };
		047064871CF86DAD000CEB42 /* RatedModel.swift in Sources */ = {isa = PBXBuildFile; fileRef = 047064861CF86DAD000CEB42 /* RatedModel.swift */; };
		047064891CF87377000CEB42 /* RatingsTableViewCell.swift in Sources */ = {isa = PBXBuildFile; fileRef = 047064881CF87377000CEB42 /* RatingsTableViewCell.swift */; };
		0496B78F1CE8DDA40052BAE8 /* AppDelegate.swift in Sources */ = {isa = PBXBuildFile; fileRef = 0496B78E1CE8DDA30052BAE8 /* AppDelegate.swift */; };
		0496B7911CE8DDA40052BAE8 /* MainViewController.swift in Sources */ = {isa = PBXBuildFile; fileRef = 0496B7901CE8DDA40052BAE8 /* MainViewController.swift */; };
		0496B7941CE8DDA40052BAE8 /* Main.storyboard in Resources */ = {isa = PBXBuildFile; fileRef = 0496B7921CE8DDA40052BAE8 /* Main.storyboard */; };
		0496B7971CE8DDA40052BAE8 /* Margarita_.xcdatamodeld in Sources */ = {isa = PBXBuildFile; fileRef = 0496B7951CE8DDA40052BAE8 /* Margarita_.xcdatamodeld */; };
		0496B79C1CE8DDA40052BAE8 /* LaunchScreen.storyboard in Resources */ = {isa = PBXBuildFile; fileRef = 0496B79A1CE8DDA40052BAE8 /* LaunchScreen.storyboard */; };
		0496B7A41CE8E98E0052BAE8 /* Images.xcassets in Resources */ = {isa = PBXBuildFile; fileRef = 0496B7A31CE8E98E0052BAE8 /* Images.xcassets */; };
		0496B7A81CE8FACD0052BAE8 /* PortraitMenuItemView.xib in Resources */ = {isa = PBXBuildFile; fileRef = 0496B7A71CE8FACD0052BAE8 /* PortraitMenuItemView.xib */; };
		049C96C11CE9AB14001EAACA /* PortraitMenuItemView.swift in Sources */ = {isa = PBXBuildFile; fileRef = 049C96C01CE9AB14001EAACA /* PortraitMenuItemView.swift */; };
		049C96C51CE9D5E9001EAACA /* FavoritesViewController.swift in Sources */ = {isa = PBXBuildFile; fileRef = 049C96C41CE9D5E9001EAACA /* FavoritesViewController.swift */; };
		04D5E72C1CF765C5004F17BB /* InfoViewController.swift in Sources */ = {isa = PBXBuildFile; fileRef = 04D5E72B1CF765C5004F17BB /* InfoViewController.swift */; };
		04D5E7301CF769BC004F17BB /* ContentViewController.swift in Sources */ = {isa = PBXBuildFile; fileRef = 04D5E72F1CF769BC004F17BB /* ContentViewController.swift */; };
		04D5E7321CF78AA1004F17BB /* UIImageEffects.swift in Sources */ = {isa = PBXBuildFile; fileRef = 04D5E7311CF78AA1004F17BB /* UIImageEffects.swift */; };
		04D5E7341CF78FF3004F17BB /* FeedbackViewController.swift in Sources */ = {isa = PBXBuildFile; fileRef = 04D5E7331CF78FF3004F17BB /* FeedbackViewController.swift */; };
/* End PBXBuildFile section */

/* Begin PBXFileReference section */
		047064781CF85DBF000CEB42 /* FavoritesViewCell.xib */ = {isa = PBXFileReference; fileEncoding = 4; lastKnownFileType = file.xib; path = FavoritesViewCell.xib; sourceTree = "<group>"; };
		0470647A1CF85EB0000CEB42 /* FavoritesTableViewCell.swift */ = {isa = PBXFileReference; fileEncoding = 4; lastKnownFileType = sourcecode.swift; path = FavoritesTableViewCell.swift; sourceTree = "<group>"; };
		0470647C1CF85F5A000CEB42 /* FavoritesModel.swift */ = {isa = PBXFileReference; fileEncoding = 4; lastKnownFileType = sourcecode.swift; path = FavoritesModel.swift; sourceTree = "<group>"; };
		0470647E1CF8697B000CEB42 /* RatingsTableViewController.swift */ = {isa = PBXFileReference; fileEncoding = 4; lastKnownFileType = sourcecode.swift; path = RatingsTableViewController.swift; sourceTree = "<group>"; };
		0470647F1CF8697B000CEB42 /* RatingsTableViewController.xib */ = {isa = PBXFileReference; fileEncoding = 4; lastKnownFileType = file.xib; path = RatingsTableViewController.xib; sourceTree = "<group>"; };
		047064821CF86A47000CEB42 /* StarsView.swift */ = {isa = PBXFileReference; fileEncoding = 4; lastKnownFileType = sourcecode.swift; path = StarsView.swift; sourceTree = "<group>"; };
		047064841CF86A52000CEB42 /* StarsView.xib */ = {isa = PBXFileReference; fileEncoding = 4; lastKnownFileType = file.xib; path = StarsView.xib; sourceTree = "<group>"; };
		047064861CF86DAD000CEB42 /* RatedModel.swift */ = {isa = PBXFileReference; fileEncoding = 4; lastKnownFileType = sourcecode.swift; path = RatedModel.swift; sourceTree = "<group>"; };
		047064881CF87377000CEB42 /* RatingsTableViewCell.swift */ = {isa = PBXFileReference; fileEncoding = 4; lastKnownFileType = sourcecode.swift; path = RatingsTableViewCell.swift; sourceTree = "<group>"; };
		0496B78B1CE8DDA30052BAE8 /* Margarita!.app */ = {isa = PBXFileReference; explicitFileType = wrapper.application; includeInIndex = 0; path = "Margarita!.app"; sourceTree = BUILT_PRODUCTS_DIR; };
		0496B78E1CE8DDA30052BAE8 /* AppDelegate.swift */ = {isa = PBXFileReference; lastKnownFileType = sourcecode.swift; path = AppDelegate.swift; sourceTree = "<group>"; };
		0496B7901CE8DDA40052BAE8 /* MainViewController.swift */ = {isa = PBXFileReference; lastKnownFileType = sourcecode.swift; path = MainViewController.swift; sourceTree = "<group>"; };
		0496B7931CE8DDA40052BAE8 /* Base */ = {isa = PBXFileReference; lastKnownFileType = file.storyboard; name = Base; path = Base.lproj/Main.storyboard; sourceTree = "<group>"; };
		0496B7961CE8DDA40052BAE8 /* Margarita_.xcdatamodel */ = {isa = PBXFileReference; lastKnownFileType = wrapper.xcdatamodel; path = Margarita_.xcdatamodel; sourceTree = "<group>"; };
		0496B79B1CE8DDA40052BAE8 /* Base */ = {isa = PBXFileReference; lastKnownFileType = file.storyboard; name = Base; path = Base.lproj/LaunchScreen.storyboard; sourceTree = "<group>"; };
		0496B79D1CE8DDA40052BAE8 /* Info.plist */ = {isa = PBXFileReference; lastKnownFileType = text.plist.xml; path = Info.plist; sourceTree = "<group>"; };
		0496B7A31CE8E98E0052BAE8 /* Images.xcassets */ = {isa = PBXFileReference; lastKnownFileType = folder.assetcatalog; name = Images.xcassets; path = ../Images.xcassets; sourceTree = "<group>"; };
		0496B7A71CE8FACD0052BAE8 /* PortraitMenuItemView.xib */ = {isa = PBXFileReference; fileEncoding = 4; lastKnownFileType = file.xib; path = PortraitMenuItemView.xib; sourceTree = "<group>"; };
		049C96C01CE9AB14001EAACA /* PortraitMenuItemView.swift */ = {isa = PBXFileReference; fileEncoding = 4; lastKnownFileType = sourcecode.swift; path = PortraitMenuItemView.swift; sourceTree = "<group>"; };
		049C96C41CE9D5E9001EAACA /* FavoritesViewController.swift */ = {isa = PBXFileReference; fileEncoding = 4; lastKnownFileType = sourcecode.swift; path = FavoritesViewController.swift; sourceTree = "<group>"; };
		04D5E72B1CF765C5004F17BB /* InfoViewController.swift */ = {isa = PBXFileReference; fileEncoding = 4; lastKnownFileType = sourcecode.swift; name = InfoViewController.swift; path = ../InfoViewController.swift; sourceTree = "<group>"; };
		04D5E72F1CF769BC004F17BB /* ContentViewController.swift */ = {isa = PBXFileReference; fileEncoding = 4; lastKnownFileType = sourcecode.swift; path = ContentViewController.swift; sourceTree = "<group>"; };
		04D5E7311CF78AA1004F17BB /* UIImageEffects.swift */ = {isa = PBXFileReference; fileEncoding = 4; lastKnownFileType = sourcecode.swift; path = UIImageEffects.swift; sourceTree = "<group>"; };
		04D5E7331CF78FF3004F17BB /* FeedbackViewController.swift */ = {isa = PBXFileReference; fileEncoding = 4; lastKnownFileType = sourcecode.swift; path = FeedbackViewController.swift; sourceTree = "<group>"; };
/* End PBXFileReference section */

/* Begin PBXFrameworksBuildPhase section */
		0496B7881CE8DDA30052BAE8 /* Frameworks */ = {
			isa = PBXFrameworksBuildPhase;
			buildActionMask = 2147483647;
			files = (
			);
			runOnlyForDeploymentPostprocessing = 0;
		};
/* End PBXFrameworksBuildPhase section */

/* Begin PBXGroup section */
		0496B7821CE8DDA30052BAE8 = {
			isa = PBXGroup;
			children = (
				0496B78D1CE8DDA30052BAE8 /* Margarita! */,
				0496B78C1CE8DDA30052BAE8 /* Products */,
			);
			sourceTree = "<group>";
		};
		0496B78C1CE8DDA30052BAE8 /* Products */ = {
			isa = PBXGroup;
			children = (
				0496B78B1CE8DDA30052BAE8 /* Margarita!.app */,
			);
			name = Products;
			sourceTree = "<group>";
		};
		0496B78D1CE8DDA30052BAE8 /* Margarita! */ = {
			isa = PBXGroup;
			children = (
				0496B7A31CE8E98E0052BAE8 /* Images.xcassets */,
				0496B78E1CE8DDA30052BAE8 /* AppDelegate.swift */,
				0496B7901CE8DDA40052BAE8 /* MainViewController.swift */,
				0496B7921CE8DDA40052BAE8 /* Main.storyboard */,
				0496B79A1CE8DDA40052BAE8 /* LaunchScreen.storyboard */,
				0496B79D1CE8DDA40052BAE8 /* Info.plist */,
				0496B7951CE8DDA40052BAE8 /* Margarita_.xcdatamodeld */,
				0496B7A71CE8FACD0052BAE8 /* PortraitMenuItemView.xib */,
				04D5E72B1CF765C5004F17BB /* InfoViewController.swift */,
				049C96C01CE9AB14001EAACA /* PortraitMenuItemView.swift */,
				049C96C41CE9D5E9001EAACA /* FavoritesViewController.swift */,
				0470647C1CF85F5A000CEB42 /* FavoritesModel.swift */,
				0470647A1CF85EB0000CEB42 /* FavoritesTableViewCell.swift */,
				047064781CF85DBF000CEB42 /* FavoritesViewCell.xib */,
				0470647E1CF8697B000CEB42 /* RatingsTableViewController.swift */,
				047064881CF87377000CEB42 /* RatingsTableViewCell.swift */,
				0470647F1CF8697B000CEB42 /* RatingsTableViewController.xib */,
				04D5E72F1CF769BC004F17BB /* ContentViewController.swift */,
				04D5E7311CF78AA1004F17BB /* UIImageEffects.swift */,
				04D5E7331CF78FF3004F17BB /* FeedbackViewController.swift */,
				047064821CF86A47000CEB42 /* StarsView.swift */,
				047064841CF86A52000CEB42 /* StarsView.xib */,
				047064861CF86DAD000CEB42 /* RatedModel.swift */,
			);
			path = "Margarita!";
			sourceTree = "<group>";
		};
/* End PBXGroup section */

/* Begin PBXNativeTarget section */
		0496B78A1CE8DDA30052BAE8 /* Margarita! */ = {
			isa = PBXNativeTarget;
			buildConfigurationList = 0496B7A01CE8DDA40052BAE8 /* Build configuration list for PBXNativeTarget "Margarita!" */;
			buildPhases = (
				0496B7871CE8DDA30052BAE8 /* Sources */,
				0496B7881CE8DDA30052BAE8 /* Frameworks */,
				0496B7891CE8DDA30052BAE8 /* Resources */,
			);
			buildRules = (
			);
			dependencies = (
			);
			name = "Margarita!";
			productName = "Margarita!";
			productReference = 0496B78B1CE8DDA30052BAE8 /* Margarita!.app */;
			productType = "com.apple.product-type.application";
		};
/* End PBXNativeTarget section */

/* Begin PBXProject section */
		0496B7831CE8DDA30052BAE8 /* Project object */ = {
			isa = PBXProject;
			attributes = {
				LastSwiftUpdateCheck = 0730;
				LastUpgradeCheck = 0730;
				ORGANIZATIONNAME = "Карпенко Михайло";
				TargetAttributes = {
					0496B78A1CE8DDA30052BAE8 = {
						CreatedOnToolsVersion = 7.3.1;
						DevelopmentTeam = QQ482S29QV;
					};
				};
			};
			buildConfigurationList = 0496B7861CE8DDA30052BAE8 /* Build configuration list for PBXProject "Margarita!" */;
			compatibilityVersion = "Xcode 3.2";
			developmentRegion = English;
			hasScannedForEncodings = 0;
			knownRegions = (
				en,
				Base,
			);
			mainGroup = 0496B7821CE8DDA30052BAE8;
			productRefGroup = 0496B78C1CE8DDA30052BAE8 /* Products */;
			projectDirPath = "";
			projectRoot = "";
			targets = (
				0496B78A1CE8DDA30052BAE8 /* Margarita! */,
			);
		};
/* End PBXProject section */

/* Begin PBXResourcesBuildPhase section */
		0496B7891CE8DDA30052BAE8 /* Resources */ = {
			isa = PBXResourcesBuildPhase;
			buildActionMask = 2147483647;
			files = (
				047064811CF8697B000CEB42 /* RatingsTableViewController.xib in Resources */,
				0496B7A41CE8E98E0052BAE8 /* Images.xcassets in Resources */,
				0496B7A81CE8FACD0052BAE8 /* PortraitMenuItemView.xib in Resources */,
				0496B79C1CE8DDA40052BAE8 /* LaunchScreen.storyboard in Resources */,
				047064791CF85DBF000CEB42 /* FavoritesViewCell.xib in Resources */,
				0496B7941CE8DDA40052BAE8 /* Main.storyboard in Resources */,
				047064851CF86A52000CEB42 /* StarsView.xib in Resources */,
			);
			runOnlyForDeploymentPostprocessing = 0;
		};
/* End PBXResourcesBuildPhase section */

/* Begin PBXSourcesBuildPhase section */
		0496B7871CE8DDA30052BAE8 /* Sources */ = {
			isa = PBXSourcesBuildPhase;
			buildActionMask = 2147483647;
			files = (
				047064891CF87377000CEB42 /* RatingsTableViewCell.swift in Sources */,
				04D5E7321CF78AA1004F17BB /* UIImageEffects.swift in Sources */,
				047064831CF86A47000CEB42 /* StarsView.swift in Sources */,
				0496B7971CE8DDA40052BAE8 /* Margarita_.xcdatamodeld in Sources */,
				049C96C11CE9AB14001EAACA /* PortraitMenuItemView.swift in Sources */,
				0496B7911CE8DDA40052BAE8 /* MainViewController.swift in Sources */,
				049C96C51CE9D5E9001EAACA /* FavoritesViewController.swift in Sources */,
				047064871CF86DAD000CEB42 /* RatedModel.swift in Sources */,
				0470647D1CF85F5A000CEB42 /* FavoritesModel.swift in Sources */,
				0470647B1CF85EB0000CEB42 /* FavoritesTableViewCell.swift in Sources */,
				04D5E72C1CF765C5004F17BB /* InfoViewController.swift in Sources */,
				047064801CF8697B000CEB42 /* RatingsTableViewController.swift in Sources */,
				0496B78F1CE8DDA40052BAE8 /* AppDelegate.swift in Sources */,
				04D5E7341CF78FF3004F17BB /* FeedbackViewController.swift in Sources */,
				04D5E7301CF769BC004F17BB /* ContentViewController.swift in Sources */,
			);
			runOnlyForDeploymentPostprocessing = 0;
		};
/* End PBXSourcesBuildPhase section */

/* Begin PBXVariantGroup section */
		0496B7921CE8DDA40052BAE8 /* Main.storyboard */ = {
			isa = PBXVariantGroup;
			children = (
				0496B7931CE8DDA40052BAE8 /* Base */,
			);
			name = Main.storyboard;
			sourceTree = "<group>";
		};
		0496B79A1CE8DDA40052BAE8 /* LaunchScreen.storyboard */ = {
			isa = PBXVariantGroup;
			children = (
				0496B79B1CE8DDA40052BAE8 /* Base */,
			);
			name = LaunchScreen.storyboard;
			sourceTree = "<group>";
		};
/* End PBXVariantGroup section */

/* Begin XCBuildConfiguration section */
		0496B79E1CE8DDA40052BAE8 /* Debug */ = {
			isa = XCBuildConfiguration;
			buildSettings = {
				ALWAYS_SEARCH_USER_PATHS = NO;
				CLANG_ANALYZER_NONNULL = YES;
				CLANG_CXX_LANGUAGE_STANDARD = "gnu++0x";
				CLANG_CXX_LIBRARY = "libc++";
				CLANG_ENABLE_MODULES = YES;
				CLANG_ENABLE_OBJC_ARC = YES;
				CLANG_WARN_BOOL_CONVERSION = YES;
				CLANG_WARN_CONSTANT_CONVERSION = YES;
				CLANG_WARN_DIRECT_OBJC_ISA_USAGE = YES_ERROR;
				CLANG_WARN_EMPTY_BODY = YES;
				CLANG_WARN_ENUM_CONVERSION = YES;
				CLANG_WARN_INT_CONVERSION = YES;
				CLANG_WARN_OBJC_ROOT_CLASS = YES_ERROR;
				CLANG_WARN_UNREACHABLE_CODE = YES;
				CLANG_WARN__DUPLICATE_METHOD_MATCH = YES;
				"CODE_SIGN_IDENTITY[sdk=iphoneos*]" = "iPhone Developer";
				COPY_PHASE_STRIP = NO;
				DEBUG_INFORMATION_FORMAT = dwarf;
				ENABLE_STRICT_OBJC_MSGSEND = YES;
				ENABLE_TESTABILITY = YES;
				GCC_C_LANGUAGE_STANDARD = gnu99;
				GCC_DYNAMIC_NO_PIC = NO;
				GCC_NO_COMMON_BLOCKS = YES;
				GCC_OPTIMIZATION_LEVEL = 0;
				GCC_PREPROCESSOR_DEFINITIONS = (
					"DEBUG=1",
					"$(inherited)",
				);
				GCC_WARN_64_TO_32_BIT_CONVERSION = YES;
				GCC_WARN_ABOUT_RETURN_TYPE = YES_ERROR;
				GCC_WARN_UNDECLARED_SELECTOR = YES;
				GCC_WARN_UNINITIALIZED_AUTOS = YES_AGGRESSIVE;
				GCC_WARN_UNUSED_FUNCTION = YES;
				GCC_WARN_UNUSED_VARIABLE = YES;
				IPHONEOS_DEPLOYMENT_TARGET = 9.3;
				MTL_ENABLE_DEBUG_INFO = YES;
				ONLY_ACTIVE_ARCH = YES;
				SDKROOT = iphoneos;
				SWIFT_OPTIMIZATION_LEVEL = "-Onone";
			};
			name = Debug;
		};
		0496B79F1CE8DDA40052BAE8 /* Release */ = {
			isa = XCBuildConfiguration;
			buildSettings = {
				ALWAYS_SEARCH_USER_PATHS = NO;
				CLANG_ANALYZER_NONNULL = YES;
				CLANG_CXX_LANGUAGE_STANDARD = "gnu++0x";
				CLANG_CXX_LIBRARY = "libc++";
				CLANG_ENABLE_MODULES = YES;
				CLANG_ENABLE_OBJC_ARC = YES;
				CLANG_WARN_BOOL_CONVERSION = YES;
				CLANG_WARN_CONSTANT_CONVERSION = YES;
				CLANG_WARN_DIRECT_OBJC_ISA_USAGE = YES_ERROR;
				CLANG_WARN_EMPTY_BODY = YES;
				CLANG_WARN_ENUM_CONVERSION = YES;
				CLANG_WARN_INT_CONVERSION = YES;
				CLANG_WARN_OBJC_ROOT_CLASS = YES_ERROR;
				CLANG_WARN_UNREACHABLE_CODE = YES;
				CLANG_WARN__DUPLICATE_METHOD_MATCH = YES;
				"CODE_SIGN_IDENTITY[sdk=iphoneos*]" = "iPhone Developer";
				COPY_PHASE_STRIP = NO;
				DEBUG_INFORMATION_FORMAT = "dwarf-with-dsym";
				ENABLE_NS_ASSERTIONS = NO;
				ENABLE_STRICT_OBJC_MSGSEND = YES;
				GCC_C_LANGUAGE_STANDARD = gnu99;
				GCC_NO_COMMON_BLOCKS = YES;
				GCC_WARN_64_TO_32_BIT_CONVERSION = YES;
				GCC_WARN_ABOUT_RETURN_TYPE = YES_ERROR;
				GCC_WARN_UNDECLARED_SELECTOR = YES;
				GCC_WARN_UNINITIALIZED_AUTOS = YES_AGGRESSIVE;
				GCC_WARN_UNUSED_FUNCTION = YES;
				GCC_WARN_UNUSED_VARIABLE = YES;
				IPHONEOS_DEPLOYMENT_TARGET = 9.3;
				MTL_ENABLE_DEBUG_INFO = NO;
				SDKROOT = iphoneos;
				VALIDATE_PRODUCT = YES;
			};
			name = Release;
		};
		0496B7A11CE8DDA40052BAE8 /* Debug */ = {
			isa = XCBuildConfiguration;
			buildSettings = {
				ASSETCATALOG_COMPILER_APPICON_NAME = AppIcon;
				CODE_SIGN_IDENTITY = "iPhone Developer";
				INFOPLIST_FILE = "Margarita!/Info.plist";
				LD_RUNPATH_SEARCH_PATHS = "$(inherited) @executable_path/Frameworks";
				PRODUCT_BUNDLE_IDENTIFIER = "yohoho.Margarita-";
				PRODUCT_NAME = "$(TARGET_NAME)";
			};
			name = Debug;
		};
		0496B7A21CE8DDA40052BAE8 /* Release */ = {
			isa = XCBuildConfiguration;
			buildSettings = {
				ASSETCATALOG_COMPILER_APPICON_NAME = AppIcon;
				CODE_SIGN_IDENTITY = "iPhone Developer";
				INFOPLIST_FILE = "Margarita!/Info.plist";
				LD_RUNPATH_SEARCH_PATHS = "$(inherited) @executable_path/Frameworks";
				PRODUCT_BUNDLE_IDENTIFIER = "yohoho.Margarita-";
				PRODUCT_NAME = "$(TARGET_NAME)";
			};
			name = Release;
		};
/* End XCBuildConfiguration section */

/* Begin XCConfigurationList section */
		0496B7861CE8DDA30052BAE8 /* Build configuration list for PBXProject "Margarita!" */ = {
			isa = XCConfigurationList;
			buildConfigurations = (
				0496B79E1CE8DDA40052BAE8 /* Debug */,
				0496B79F1CE8DDA40052BAE8 /* Release */,
			);
			defaultConfigurationIsVisible = 0;
			defaultConfigurationName = Release;
		};
		0496B7A01CE8DDA40052BAE8 /* Build configuration list for PBXNativeTarget "Margarita!" */ = {
			isa = XCConfigurationList;
			buildConfigurations = (
				0496B7A11CE8DDA40052BAE8 /* Debug */,
				0496B7A21CE8DDA40052BAE8 /* Release */,
			);
			defaultConfigurationIsVisible = 0;
			defaultConfigurationName = Release;
		};
/* End XCConfigurationList section */

/* Begin XCVersionGroup section */
		0496B7951CE8DDA40052BAE8 /* Margarita_.xcdatamodeld */ = {
			isa = XCVersionGroup;
			children = (
				0496B7961CE8DDA40052BAE8 /* Margarita_.xcdatamodel */,
			);
			currentVersion = 0496B7961CE8DDA40052BAE8 /* Margarita_.xcdatamodel */;
			path = Margarita_.xcdatamodeld;
			sourceTree = "<group>";
			versionGroupType = wrapper.xcdatamodel;
		};
/* End XCVersionGroup section */
	};
	rootObject = 0496B7831CE8DDA30052BAE8 /* Project object */;
}
